
Microsoft Visual Studio Solution File, Format Version 12.00
# Visual Studio Version 16
VisualStudioVersion = 16.0.30621.155
MinimumVisualStudioVersion = 10.0.40219.1
Project("{FAE04EC0-301F-11D3-BF4B-00C04F79EFBC}") = "28. Ejercicios para la sección", "28. Ejercicios para la sección.csproj", "{9F0BB6DA-A51A-40BB-A0C0-DF5835FE0337}"
EndProject
Global
	GlobalSection(SolutionConfigurationPlatforms) = preSolution
		Debug|Any CPU = Debug|Any CPU
		Release|Any CPU = Release|Any CPU
	EndGlobalSection
	GlobalSection(ProjectConfigurationPlatforms) = postSolution
		{9F0BB6DA-A51A-40BB-A0C0-DF5835FE0337}.Debug|Any CPU.ActiveCfg = Debug|Any CPU
		{9F0BB6DA-A51A-40BB-A0C0-DF5835FE0337}.Debug|Any CPU.Build.0 = Debug|Any CPU
		{9F0BB6DA-A51A-40BB-A0C0-DF5835FE0337}.Release|Any CPU.ActiveCfg = Release|Any CPU
		{9F0BB6DA-A51A-40BB-A0C0-DF5835FE0337}.Release|Any CPU.Build.0 = Release|Any CPU
	EndGlobalSection
	GlobalSection(SolutionProperties) = preSolution
		HideSolutionNode = FALSE
	EndGlobalSection
	GlobalSection(ExtensibilityGlobals) = postSolution
		SolutionGuid = {056A10E6-D81F-4BE6-B0C2-4E0DD8EDB9C0}
	EndGlobalSection
EndGlobal
