
Microsoft Visual Studio Solution File, Format Version 12.00
# Visual Studio Version 16
VisualStudioVersion = 16.0.30621.155
MinimumVisualStudioVersion = 10.0.40219.1
Project("{FAE04EC0-301F-11D3-BF4B-00C04F79EFBC}") = "35. Ejercicios para la sección", "35. Ejercicios para la sección.csproj", "{9B94E5A3-44D9-4FA0-B52E-CDE23326565E}"
EndProject
Global
	GlobalSection(SolutionConfigurationPlatforms) = preSolution
		Debug|Any CPU = Debug|Any CPU
		Release|Any CPU = Release|Any CPU
	EndGlobalSection
	GlobalSection(ProjectConfigurationPlatforms) = postSolution
		{9B94E5A3-44D9-4FA0-B52E-CDE23326565E}.Debug|Any CPU.ActiveCfg = Debug|Any CPU
		{9B94E5A3-44D9-4FA0-B52E-CDE23326565E}.Debug|Any CPU.Build.0 = Debug|Any CPU
		{9B94E5A3-44D9-4FA0-B52E-CDE23326565E}.Release|Any CPU.ActiveCfg = Release|Any CPU
		{9B94E5A3-44D9-4FA0-B52E-CDE23326565E}.Release|Any CPU.Build.0 = Release|Any CPU
	EndGlobalSection
	GlobalSection(SolutionProperties) = preSolution
		HideSolutionNode = FALSE
	EndGlobalSection
	GlobalSection(ExtensibilityGlobals) = postSolution
		SolutionGuid = {30856F0B-69BA-419C-BACC-C9E65D90092B}
	EndGlobalSection
EndGlobal
