
Microsoft Visual Studio Solution File, Format Version 12.00
# Visual Studio Version 16
VisualStudioVersion = 16.0.30621.155
MinimumVisualStudioVersion = 10.0.40219.1
Project("{FAE04EC0-301F-11D3-BF4B-00C04F79EFBC}") = "14. Ejercicios para la sección", "14. Ejercicios para la sección.csproj", "{1E8A7D47-13DE-4E5E-BE06-CAF4DE5D14F7}"
EndProject
Global
	GlobalSection(SolutionConfigurationPlatforms) = preSolution
		Debug|Any CPU = Debug|Any CPU
		Release|Any CPU = Release|Any CPU
	EndGlobalSection
	GlobalSection(ProjectConfigurationPlatforms) = postSolution
		{1E8A7D47-13DE-4E5E-BE06-CAF4DE5D14F7}.Debug|Any CPU.ActiveCfg = Debug|Any CPU
		{1E8A7D47-13DE-4E5E-BE06-CAF4DE5D14F7}.Debug|Any CPU.Build.0 = Debug|Any CPU
		{1E8A7D47-13DE-4E5E-BE06-CAF4DE5D14F7}.Release|Any CPU.ActiveCfg = Release|Any CPU
		{1E8A7D47-13DE-4E5E-BE06-CAF4DE5D14F7}.Release|Any CPU.Build.0 = Release|Any CPU
	EndGlobalSection
	GlobalSection(SolutionProperties) = preSolution
		HideSolutionNode = FALSE
	EndGlobalSection
	GlobalSection(ExtensibilityGlobals) = postSolution
		SolutionGuid = {3AE2AF03-00F4-4E9A-9979-844300938F20}
	EndGlobalSection
EndGlobal
